
Microsoft Visual Studio Solution File, Format Version 12.00
# Visual Studio Version 16
VisualStudioVersion = 16.0.30413.8
MinimumVisualStudioVersion = 10.0.40219.1
Project("{9A19103F-16F7-4668-BE54-9A1E7A4F7556}") = "IronPigeon", "src\IronPigeon\IronPigeon.csproj", "{BEFB82D5-C686-4D50-91C7-419846C8F201}"
EndProject
Project("{2150E333-8FDC-42A3-9474-1A3956D46DE8}") = "Clients", "Clients", "{17B52026-93A9-48B1-B7F0-ACAA68C3C664}"
EndProject
Project("{9A19103F-16F7-4668-BE54-9A1E7A4F7556}") = "ConsoleChat", "src\ConsoleChat\ConsoleChat.csproj", "{98AFB63C-821F-491F-B8CF-394201693F2A}"
EndProject
Project("{9A19103F-16F7-4668-BE54-9A1E7A4F7556}") = "IronPigeon.Dart", "src\IronPigeon.Dart\IronPigeon.Dart.csproj", "{7413FF6F-DC39-4B86-AD14-EAC145F5C3B7}"
EndProject
Project("{2150E333-8FDC-42A3-9474-1A3956D46DE8}") = "Solution Items", "Solution Items", "{9EA1EF35-0DDC-40DD-88B6-DC95CC839919}"
	ProjectSection(SolutionItems) = preProject
		azure-pipelines.yml = azure-pipelines.yml
		Directory.Build.props = Directory.Build.props
		Directory.Build.targets = Directory.Build.targets
		global.json = global.json
		nuget.config = nuget.config
		README.md = README.md
		version.json = version.json
	EndProjectSection
EndProject
Project("{9A19103F-16F7-4668-BE54-9A1E7A4F7556}") = "WpfChatroom", "src\WpfChatroom\WpfChatroom.csproj", "{4DE86407-877D-4C6B-B457-1236B20F8823}"
EndProject
Project("{9A19103F-16F7-4668-BE54-9A1E7A4F7556}") = "IronPigeon.Tests", "test\IronPigeon.Tests\IronPigeon.Tests.csproj", "{6995C553-7AE1-490E-BCF2-406E105EDEF8}"
EndProject
Project("{9A19103F-16F7-4668-BE54-9A1E7A4F7556}") = "IronPigeon.Relay", "src\IronPigeon.Relay\IronPigeon.Relay.csproj", "{ABD9D7E0-665C-44D8-930D-14B5785F832F}"
EndProject
Project("{9A19103F-16F7-4668-BE54-9A1E7A4F7556}") = "IronPigeon.Relay.Tests", "test\IronPigeon.Relay.Tests\IronPigeon.Relay.Tests.csproj", "{B9CDFDA2-C9A9-425D-B53B-E6E188CC996C}"
EndProject
Global
	GlobalSection(SolutionConfigurationPlatforms) = preSolution
		Debug|Any CPU = Debug|Any CPU
		Debug|Non_Windows = Debug|Non_Windows
		Release|Any CPU = Release|Any CPU
		Release|Non_Windows = Release|Non_Windows
	EndGlobalSection
	GlobalSection(ProjectConfigurationPlatforms) = postSolution
		{BEFB82D5-C686-4D50-91C7-419846C8F201}.Debug|Any CPU.ActiveCfg = Debug|Any CPU
		{BEFB82D5-C686-4D50-91C7-419846C8F201}.Debug|Any CPU.Build.0 = Debug|Any CPU
		{BEFB82D5-C686-4D50-91C7-419846C8F201}.Debug|Non_Windows.ActiveCfg = Debug|Any CPU
		{BEFB82D5-C686-4D50-91C7-419846C8F201}.Debug|Non_Windows.Build.0 = Debug|Any CPU
		{BEFB82D5-C686-4D50-91C7-419846C8F201}.Release|Any CPU.ActiveCfg = Release|Any CPU
		{BEFB82D5-C686-4D50-91C7-419846C8F201}.Release|Any CPU.Build.0 = Release|Any CPU
		{BEFB82D5-C686-4D50-91C7-419846C8F201}.Release|Non_Windows.ActiveCfg = Release|Any CPU
		{BEFB82D5-C686-4D50-91C7-419846C8F201}.Release|Non_Windows.Build.0 = Release|Any CPU
		{98AFB63C-821F-491F-B8CF-394201693F2A}.Debug|Any CPU.ActiveCfg = Debug|Any CPU
		{98AFB63C-821F-491F-B8CF-394201693F2A}.Debug|Any CPU.Build.0 = Debug|Any CPU
		{98AFB63C-821F-491F-B8CF-394201693F2A}.Debug|Non_Windows.ActiveCfg = Debug|Any CPU
		{98AFB63C-821F-491F-B8CF-394201693F2A}.Release|Any CPU.ActiveCfg = Release|Any CPU
		{98AFB63C-821F-491F-B8CF-394201693F2A}.Release|Any CPU.Build.0 = Release|Any CPU
		{98AFB63C-821F-491F-B8CF-394201693F2A}.Release|Non_Windows.ActiveCfg = Release|Any CPU
		{7413FF6F-DC39-4B86-AD14-EAC145F5C3B7}.Debug|Any CPU.ActiveCfg = Debug|Any CPU
		{7413FF6F-DC39-4B86-AD14-EAC145F5C3B7}.Debug|Any CPU.Build.0 = Debug|Any CPU
		{7413FF6F-DC39-4B86-AD14-EAC145F5C3B7}.Debug|Non_Windows.ActiveCfg = Debug|Any CPU
		{7413FF6F-DC39-4B86-AD14-EAC145F5C3B7}.Debug|Non_Windows.Build.0 = Debug|Any CPU
		{7413FF6F-DC39-4B86-AD14-EAC145F5C3B7}.Release|Any CPU.ActiveCfg = Release|Any CPU
		{7413FF6F-DC39-4B86-AD14-EAC145F5C3B7}.Release|Any CPU.Build.0 = Release|Any CPU
		{7413FF6F-DC39-4B86-AD14-EAC145F5C3B7}.Release|Non_Windows.ActiveCfg = Release|Any CPU
		{7413FF6F-DC39-4B86-AD14-EAC145F5C3B7}.Release|Non_Windows.Build.0 = Release|Any CPU
		{4DE86407-877D-4C6B-B457-1236B20F8823}.Debug|Any CPU.ActiveCfg = Debug|Any CPU
		{4DE86407-877D-4C6B-B457-1236B20F8823}.Debug|Any CPU.Build.0 = Debug|Any CPU
		{4DE86407-877D-4C6B-B457-1236B20F8823}.Debug|Non_Windows.ActiveCfg = Debug|Any CPU
		{4DE86407-877D-4C6B-B457-1236B20F8823}.Release|Any CPU.ActiveCfg = Release|Any CPU
		{4DE86407-877D-4C6B-B457-1236B20F8823}.Release|Any CPU.Build.0 = Release|Any CPU
		{4DE86407-877D-4C6B-B457-1236B20F8823}.Release|Non_Windows.ActiveCfg = Release|Any CPU
		{6995C553-7AE1-490E-BCF2-406E105EDEF8}.Debug|Any CPU.ActiveCfg = Debug|Any CPU
		{6995C553-7AE1-490E-BCF2-406E105EDEF8}.Debug|Any CPU.Build.0 = Debug|Any CPU
		{6995C553-7AE1-490E-BCF2-406E105EDEF8}.Debug|Non_Windows.ActiveCfg = Debug|Any CPU
		{6995C553-7AE1-490E-BCF2-406E105EDEF8}.Debug|Non_Windows.Build.0 = Debug|Any CPU
		{6995C553-7AE1-490E-BCF2-406E105EDEF8}.Release|Any CPU.ActiveCfg = Release|Any CPU
		{6995C553-7AE1-490E-BCF2-406E105EDEF8}.Release|Any CPU.Build.0 = Release|Any CPU
		{6995C553-7AE1-490E-BCF2-406E105EDEF8}.Release|Non_Windows.ActiveCfg = Release|Any CPU
		{6995C553-7AE1-490E-BCF2-406E105EDEF8}.Release|Non_Windows.Build.0 = Release|Any CPU
		{ABD9D7E0-665C-44D8-930D-14B5785F832F}.Debug|Any CPU.ActiveCfg = Debug|Any CPU
		{ABD9D7E0-665C-44D8-930D-14B5785F832F}.Debug|Any CPU.Build.0 = Debug|Any CPU
		{ABD9D7E0-665C-44D8-930D-14B5785F832F}.Debug|Non_Windows.ActiveCfg = Debug|Any CPU
		{ABD9D7E0-665C-44D8-930D-14B5785F832F}.Debug|Non_Windows.Build.0 = Debug|Any CPU
		{ABD9D7E0-665C-44D8-930D-14B5785F832F}.Release|Any CPU.ActiveCfg = Release|Any CPU
		{ABD9D7E0-665C-44D8-930D-14B5785F832F}.Release|Any CPU.Build.0 = Release|Any CPU
		{ABD9D7E0-665C-44D8-930D-14B5785F832F}.Release|Non_Windows.ActiveCfg = Release|Any CPU
		{ABD9D7E0-665C-44D8-930D-14B5785F832F}.Release|Non_Windows.Build.0 = Release|Any CPU
		{B9CDFDA2-C9A9-425D-B53B-E6E188CC996C}.Debug|Any CPU.ActiveCfg = Debug|Any CPU
		{B9CDFDA2-C9A9-425D-B53B-E6E188CC996C}.Debug|Any CPU.Build.0 = Debug|Any CPU
		{B9CDFDA2-C9A9-425D-B53B-E6E188CC996C}.Debug|Non_Windows.ActiveCfg = Debug|Any CPU
		{B9CDFDA2-C9A9-425D-B53B-E6E188CC996C}.Debug|Non_Windows.Build.0 = Debug|Any CPU
		{B9CDFDA2-C9A9-425D-B53B-E6E188CC996C}.Release|Any CPU.ActiveCfg = Release|Any CPU
		{B9CDFDA2-C9A9-425D-B53B-E6E188CC996C}.Release|Any CPU.Build.0 = Release|Any CPU
		{B9CDFDA2-C9A9-425D-B53B-E6E188CC996C}.Release|Non_Windows.ActiveCfg = Release|Any CPU
		{B9CDFDA2-C9A9-425D-B53B-E6E188CC996C}.Release|Non_Windows.Build.0 = Release|Any CPU
	EndGlobalSection
	GlobalSection(SolutionProperties) = preSolution
		HideSolutionNode = FALSE
	EndGlobalSection
	GlobalSection(NestedProjects) = preSolution
		{98AFB63C-821F-491F-B8CF-394201693F2A} = {17B52026-93A9-48B1-B7F0-ACAA68C3C664}
		{4DE86407-877D-4C6B-B457-1236B20F8823} = {17B52026-93A9-48B1-B7F0-ACAA68C3C664}
	EndGlobalSection
	GlobalSection(ExtensibilityGlobals) = postSolution
		SolutionGuid = {116ABBB4-8DC2-41B8-B1B2-F20DC3F39DCE}
	EndGlobalSection
EndGlobal
