
Microsoft Visual Studio Solution File, Format Version 12.00
# Visual Studio 14
VisualStudioVersion = 14.0.25114.0
MinimumVisualStudioVersion = 10.0.40219.1
Project("{FAE04EC0-301F-11D3-BF4B-00C04F79EFBC}") = "IronPigeon", "IronPigeon\IronPigeon.csproj", "{BEFB82D5-C686-4D50-91C7-419846C8F201}"
EndProject
Project("{FAE04EC0-301F-11D3-BF4B-00C04F79EFBC}") = "IronPigeon.Desktop", "IronPigeon.Desktop\IronPigeon.Desktop.csproj", "{2ACABE1A-13DA-4248-B200-8B9D63486E45}"
EndProject
Project("{FAE04EC0-301F-11D3-BF4B-00C04F79EFBC}") = "IronPigeon.Desktop.Tests", "IronPigeon.Desktop.Tests\IronPigeon.Desktop.Tests.csproj", "{301BE089-B0A7-4C13-A8A2-3A02FF83999A}"
EndProject
Project("{FAE04EC0-301F-11D3-BF4B-00C04F79EFBC}") = "IronPigeon.Relay", "IronPigeon.Relay\IronPigeon.Relay.csproj", "{20A8E55E-40A3-45FB-88EA-5F9671E86B7B}"
EndProject
Project("{FAE04EC0-301F-11D3-BF4B-00C04F79EFBC}") = "IronPigeon.Relay.Tests", "IronPigeon.Relay.Tests\IronPigeon.Relay.Tests.csproj", "{D45FBFB7-36AD-4905-9B71-93E54926B08C}"
EndProject
Project("{2150E333-8FDC-42A3-9474-1A3956D46DE8}") = "Clients", "Clients", "{17B52026-93A9-48B1-B7F0-ACAA68C3C664}"
EndProject
Project("{FAE04EC0-301F-11D3-BF4B-00C04F79EFBC}") = "ConsoleChat", "ConsoleChat\ConsoleChat.csproj", "{98AFB63C-821F-491F-B8CF-394201693F2A}"
EndProject
Project("{FAE04EC0-301F-11D3-BF4B-00C04F79EFBC}") = "IronPigeon.Dart", "IronPigeon.Dart\IronPigeon.Dart.csproj", "{7413FF6F-DC39-4B86-AD14-EAC145F5C3B7}"
EndProject
Project("{2150E333-8FDC-42A3-9474-1A3956D46DE8}") = "Solution Items", "Solution Items", "{9EA1EF35-0DDC-40DD-88B6-DC95CC839919}"
	ProjectSection(SolutionItems) = preProject
		..\.gitignore = ..\.gitignore
		EnlistmentInfo.props = EnlistmentInfo.props
		EnlistmentInfo.targets = EnlistmentInfo.targets
		..\Nuget\IronPigeon.nuspec = ..\Nuget\IronPigeon.nuspec
		..\Nuget\IronPigeon.proj = ..\Nuget\IronPigeon.proj
		..\README.md = ..\README.md
		version.txt = version.txt
	EndProjectSection
EndProject
Project("{FAE04EC0-301F-11D3-BF4B-00C04F79EFBC}") = "IronPigeon.Tests", "IronPigeon.Tests\IronPigeon.Tests.csproj", "{D2FF68FF-68C8-400A-A6E2-6E3BA61D17A1}"
EndProject
Project("{FAE04EC0-301F-11D3-BF4B-00C04F79EFBC}") = "WpfChatroom", "WpfChatroom\WpfChatroom.csproj", "{4DE86407-877D-4C6B-B457-1236B20F8823}"
EndProject
Global
	GlobalSection(SolutionConfigurationPlatforms) = preSolution
		Debug|Any CPU = Debug|Any CPU
		Debug|ARM = Debug|ARM
		Debug|Mixed Platforms = Debug|Mixed Platforms
		Debug|x64 = Debug|x64
		Debug|x86 = Debug|x86
		Release|Any CPU = Release|Any CPU
		Release|ARM = Release|ARM
		Release|Mixed Platforms = Release|Mixed Platforms
		Release|x64 = Release|x64
		Release|x86 = Release|x86
	EndGlobalSection
	GlobalSection(ProjectConfigurationPlatforms) = postSolution
		{BEFB82D5-C686-4D50-91C7-419846C8F201}.Debug|Any CPU.ActiveCfg = Debug|Any CPU
		{BEFB82D5-C686-4D50-91C7-419846C8F201}.Debug|Any CPU.Build.0 = Debug|Any CPU
		{BEFB82D5-C686-4D50-91C7-419846C8F201}.Debug|ARM.ActiveCfg = Debug|Any CPU
		{BEFB82D5-C686-4D50-91C7-419846C8F201}.Debug|Mixed Platforms.ActiveCfg = Debug|Any CPU
		{BEFB82D5-C686-4D50-91C7-419846C8F201}.Debug|Mixed Platforms.Build.0 = Debug|Any CPU
		{BEFB82D5-C686-4D50-91C7-419846C8F201}.Debug|x64.ActiveCfg = Debug|Any CPU
		{BEFB82D5-C686-4D50-91C7-419846C8F201}.Debug|x86.ActiveCfg = Debug|Any CPU
		{BEFB82D5-C686-4D50-91C7-419846C8F201}.Release|Any CPU.ActiveCfg = Release|Any CPU
		{BEFB82D5-C686-4D50-91C7-419846C8F201}.Release|Any CPU.Build.0 = Release|Any CPU
		{BEFB82D5-C686-4D50-91C7-419846C8F201}.Release|ARM.ActiveCfg = Release|Any CPU
		{BEFB82D5-C686-4D50-91C7-419846C8F201}.Release|Mixed Platforms.ActiveCfg = Release|Any CPU
		{BEFB82D5-C686-4D50-91C7-419846C8F201}.Release|Mixed Platforms.Build.0 = Release|Any CPU
		{BEFB82D5-C686-4D50-91C7-419846C8F201}.Release|x64.ActiveCfg = Release|Any CPU
		{BEFB82D5-C686-4D50-91C7-419846C8F201}.Release|x86.ActiveCfg = Release|Any CPU
		{2ACABE1A-13DA-4248-B200-8B9D63486E45}.Debug|Any CPU.ActiveCfg = Debug|Any CPU
		{2ACABE1A-13DA-4248-B200-8B9D63486E45}.Debug|Any CPU.Build.0 = Debug|Any CPU
		{2ACABE1A-13DA-4248-B200-8B9D63486E45}.Debug|ARM.ActiveCfg = Debug|Any CPU
		{2ACABE1A-13DA-4248-B200-8B9D63486E45}.Debug|Mixed Platforms.ActiveCfg = Debug|Any CPU
		{2ACABE1A-13DA-4248-B200-8B9D63486E45}.Debug|Mixed Platforms.Build.0 = Debug|Any CPU
		{2ACABE1A-13DA-4248-B200-8B9D63486E45}.Debug|x64.ActiveCfg = Debug|Any CPU
		{2ACABE1A-13DA-4248-B200-8B9D63486E45}.Debug|x86.ActiveCfg = Debug|Any CPU
		{2ACABE1A-13DA-4248-B200-8B9D63486E45}.Release|Any CPU.ActiveCfg = Release|Any CPU
		{2ACABE1A-13DA-4248-B200-8B9D63486E45}.Release|Any CPU.Build.0 = Release|Any CPU
		{2ACABE1A-13DA-4248-B200-8B9D63486E45}.Release|ARM.ActiveCfg = Release|Any CPU
		{2ACABE1A-13DA-4248-B200-8B9D63486E45}.Release|Mixed Platforms.ActiveCfg = Release|Any CPU
		{2ACABE1A-13DA-4248-B200-8B9D63486E45}.Release|Mixed Platforms.Build.0 = Release|Any CPU
		{2ACABE1A-13DA-4248-B200-8B9D63486E45}.Release|x64.ActiveCfg = Release|Any CPU
		{2ACABE1A-13DA-4248-B200-8B9D63486E45}.Release|x86.ActiveCfg = Release|Any CPU
		{301BE089-B0A7-4C13-A8A2-3A02FF83999A}.Debug|Any CPU.ActiveCfg = Debug|Any CPU
		{301BE089-B0A7-4C13-A8A2-3A02FF83999A}.Debug|Any CPU.Build.0 = Debug|Any CPU
		{301BE089-B0A7-4C13-A8A2-3A02FF83999A}.Debug|ARM.ActiveCfg = Debug|Any CPU
		{301BE089-B0A7-4C13-A8A2-3A02FF83999A}.Debug|Mixed Platforms.ActiveCfg = Debug|Any CPU
		{301BE089-B0A7-4C13-A8A2-3A02FF83999A}.Debug|Mixed Platforms.Build.0 = Debug|Any CPU
		{301BE089-B0A7-4C13-A8A2-3A02FF83999A}.Debug|x64.ActiveCfg = Debug|Any CPU
		{301BE089-B0A7-4C13-A8A2-3A02FF83999A}.Debug|x86.ActiveCfg = Debug|Any CPU
		{301BE089-B0A7-4C13-A8A2-3A02FF83999A}.Release|Any CPU.ActiveCfg = Release|Any CPU
		{301BE089-B0A7-4C13-A8A2-3A02FF83999A}.Release|Any CPU.Build.0 = Release|Any CPU
		{301BE089-B0A7-4C13-A8A2-3A02FF83999A}.Release|ARM.ActiveCfg = Release|Any CPU
		{301BE089-B0A7-4C13-A8A2-3A02FF83999A}.Release|Mixed Platforms.ActiveCfg = Release|Any CPU
		{301BE089-B0A7-4C13-A8A2-3A02FF83999A}.Release|Mixed Platforms.Build.0 = Release|Any CPU
		{301BE089-B0A7-4C13-A8A2-3A02FF83999A}.Release|x64.ActiveCfg = Release|Any CPU
		{301BE089-B0A7-4C13-A8A2-3A02FF83999A}.Release|x86.ActiveCfg = Release|Any CPU
		{20A8E55E-40A3-45FB-88EA-5F9671E86B7B}.Debug|Any CPU.ActiveCfg = Debug|Any CPU
		{20A8E55E-40A3-45FB-88EA-5F9671E86B7B}.Debug|Any CPU.Build.0 = Debug|Any CPU
		{20A8E55E-40A3-45FB-88EA-5F9671E86B7B}.Debug|ARM.ActiveCfg = Debug|Any CPU
		{20A8E55E-40A3-45FB-88EA-5F9671E86B7B}.Debug|Mixed Platforms.ActiveCfg = Debug|Any CPU
		{20A8E55E-40A3-45FB-88EA-5F9671E86B7B}.Debug|Mixed Platforms.Build.0 = Debug|Any CPU
		{20A8E55E-40A3-45FB-88EA-5F9671E86B7B}.Debug|x64.ActiveCfg = Debug|Any CPU
		{20A8E55E-40A3-45FB-88EA-5F9671E86B7B}.Debug|x86.ActiveCfg = Debug|Any CPU
		{20A8E55E-40A3-45FB-88EA-5F9671E86B7B}.Release|Any CPU.ActiveCfg = Release|Any CPU
		{20A8E55E-40A3-45FB-88EA-5F9671E86B7B}.Release|Any CPU.Build.0 = Release|Any CPU
		{20A8E55E-40A3-45FB-88EA-5F9671E86B7B}.Release|ARM.ActiveCfg = Release|Any CPU
		{20A8E55E-40A3-45FB-88EA-5F9671E86B7B}.Release|Mixed Platforms.ActiveCfg = Release|Any CPU
		{20A8E55E-40A3-45FB-88EA-5F9671E86B7B}.Release|Mixed Platforms.Build.0 = Release|Any CPU
		{20A8E55E-40A3-45FB-88EA-5F9671E86B7B}.Release|x64.ActiveCfg = Release|Any CPU
		{20A8E55E-40A3-45FB-88EA-5F9671E86B7B}.Release|x86.ActiveCfg = Release|Any CPU
		{D45FBFB7-36AD-4905-9B71-93E54926B08C}.Debug|Any CPU.ActiveCfg = Debug|Any CPU
		{D45FBFB7-36AD-4905-9B71-93E54926B08C}.Debug|Any CPU.Build.0 = Debug|Any CPU
		{D45FBFB7-36AD-4905-9B71-93E54926B08C}.Debug|ARM.ActiveCfg = Debug|Any CPU
		{D45FBFB7-36AD-4905-9B71-93E54926B08C}.Debug|Mixed Platforms.ActiveCfg = Debug|Any CPU
		{D45FBFB7-36AD-4905-9B71-93E54926B08C}.Debug|Mixed Platforms.Build.0 = Debug|Any CPU
		{D45FBFB7-36AD-4905-9B71-93E54926B08C}.Debug|x64.ActiveCfg = Debug|Any CPU
		{D45FBFB7-36AD-4905-9B71-93E54926B08C}.Debug|x86.ActiveCfg = Debug|Any CPU
		{D45FBFB7-36AD-4905-9B71-93E54926B08C}.Release|Any CPU.ActiveCfg = Release|Any CPU
		{D45FBFB7-36AD-4905-9B71-93E54926B08C}.Release|Any CPU.Build.0 = Release|Any CPU
		{D45FBFB7-36AD-4905-9B71-93E54926B08C}.Release|ARM.ActiveCfg = Release|Any CPU
		{D45FBFB7-36AD-4905-9B71-93E54926B08C}.Release|Mixed Platforms.ActiveCfg = Release|Any CPU
		{D45FBFB7-36AD-4905-9B71-93E54926B08C}.Release|Mixed Platforms.Build.0 = Release|Any CPU
		{D45FBFB7-36AD-4905-9B71-93E54926B08C}.Release|x64.ActiveCfg = Release|Any CPU
		{D45FBFB7-36AD-4905-9B71-93E54926B08C}.Release|x86.ActiveCfg = Release|Any CPU
		{98AFB63C-821F-491F-B8CF-394201693F2A}.Debug|Any CPU.ActiveCfg = Debug|Any CPU
		{98AFB63C-821F-491F-B8CF-394201693F2A}.Debug|Any CPU.Build.0 = Debug|Any CPU
		{98AFB63C-821F-491F-B8CF-394201693F2A}.Debug|ARM.ActiveCfg = Debug|Any CPU
		{98AFB63C-821F-491F-B8CF-394201693F2A}.Debug|Mixed Platforms.ActiveCfg = Debug|Any CPU
		{98AFB63C-821F-491F-B8CF-394201693F2A}.Debug|Mixed Platforms.Build.0 = Debug|Any CPU
		{98AFB63C-821F-491F-B8CF-394201693F2A}.Debug|x64.ActiveCfg = Debug|Any CPU
		{98AFB63C-821F-491F-B8CF-394201693F2A}.Debug|x86.ActiveCfg = Debug|Any CPU
		{98AFB63C-821F-491F-B8CF-394201693F2A}.Release|Any CPU.ActiveCfg = Release|Any CPU
		{98AFB63C-821F-491F-B8CF-394201693F2A}.Release|Any CPU.Build.0 = Release|Any CPU
		{98AFB63C-821F-491F-B8CF-394201693F2A}.Release|ARM.ActiveCfg = Release|Any CPU
		{98AFB63C-821F-491F-B8CF-394201693F2A}.Release|Mixed Platforms.ActiveCfg = Release|Any CPU
		{98AFB63C-821F-491F-B8CF-394201693F2A}.Release|Mixed Platforms.Build.0 = Release|Any CPU
		{98AFB63C-821F-491F-B8CF-394201693F2A}.Release|x64.ActiveCfg = Release|Any CPU
		{98AFB63C-821F-491F-B8CF-394201693F2A}.Release|x86.ActiveCfg = Release|Any CPU
		{7413FF6F-DC39-4B86-AD14-EAC145F5C3B7}.Debug|Any CPU.ActiveCfg = Debug|Any CPU
		{7413FF6F-DC39-4B86-AD14-EAC145F5C3B7}.Debug|Any CPU.Build.0 = Debug|Any CPU
		{7413FF6F-DC39-4B86-AD14-EAC145F5C3B7}.Debug|ARM.ActiveCfg = Debug|Any CPU
		{7413FF6F-DC39-4B86-AD14-EAC145F5C3B7}.Debug|Mixed Platforms.ActiveCfg = Debug|Any CPU
		{7413FF6F-DC39-4B86-AD14-EAC145F5C3B7}.Debug|Mixed Platforms.Build.0 = Debug|Any CPU
		{7413FF6F-DC39-4B86-AD14-EAC145F5C3B7}.Debug|x64.ActiveCfg = Debug|Any CPU
		{7413FF6F-DC39-4B86-AD14-EAC145F5C3B7}.Debug|x86.ActiveCfg = Debug|Any CPU
		{7413FF6F-DC39-4B86-AD14-EAC145F5C3B7}.Release|Any CPU.ActiveCfg = Release|Any CPU
		{7413FF6F-DC39-4B86-AD14-EAC145F5C3B7}.Release|Any CPU.Build.0 = Release|Any CPU
		{7413FF6F-DC39-4B86-AD14-EAC145F5C3B7}.Release|ARM.ActiveCfg = Release|Any CPU
		{7413FF6F-DC39-4B86-AD14-EAC145F5C3B7}.Release|Mixed Platforms.ActiveCfg = Release|Any CPU
		{7413FF6F-DC39-4B86-AD14-EAC145F5C3B7}.Release|Mixed Platforms.Build.0 = Release|Any CPU
		{7413FF6F-DC39-4B86-AD14-EAC145F5C3B7}.Release|x64.ActiveCfg = Release|Any CPU
		{7413FF6F-DC39-4B86-AD14-EAC145F5C3B7}.Release|x86.ActiveCfg = Release|Any CPU
		{D2FF68FF-68C8-400A-A6E2-6E3BA61D17A1}.Debug|Any CPU.ActiveCfg = Debug|Any CPU
		{D2FF68FF-68C8-400A-A6E2-6E3BA61D17A1}.Debug|Any CPU.Build.0 = Debug|Any CPU
		{D2FF68FF-68C8-400A-A6E2-6E3BA61D17A1}.Debug|ARM.ActiveCfg = Debug|Any CPU
		{D2FF68FF-68C8-400A-A6E2-6E3BA61D17A1}.Debug|Mixed Platforms.ActiveCfg = Debug|Any CPU
		{D2FF68FF-68C8-400A-A6E2-6E3BA61D17A1}.Debug|Mixed Platforms.Build.0 = Debug|Any CPU
		{D2FF68FF-68C8-400A-A6E2-6E3BA61D17A1}.Debug|x64.ActiveCfg = Debug|Any CPU
		{D2FF68FF-68C8-400A-A6E2-6E3BA61D17A1}.Debug|x86.ActiveCfg = Debug|Any CPU
		{D2FF68FF-68C8-400A-A6E2-6E3BA61D17A1}.Release|Any CPU.ActiveCfg = Release|Any CPU
		{D2FF68FF-68C8-400A-A6E2-6E3BA61D17A1}.Release|Any CPU.Build.0 = Release|Any CPU
		{D2FF68FF-68C8-400A-A6E2-6E3BA61D17A1}.Release|ARM.ActiveCfg = Release|Any CPU
		{D2FF68FF-68C8-400A-A6E2-6E3BA61D17A1}.Release|Mixed Platforms.ActiveCfg = Release|Any CPU
		{D2FF68FF-68C8-400A-A6E2-6E3BA61D17A1}.Release|Mixed Platforms.Build.0 = Release|Any CPU
		{D2FF68FF-68C8-400A-A6E2-6E3BA61D17A1}.Release|x64.ActiveCfg = Release|Any CPU
		{D2FF68FF-68C8-400A-A6E2-6E3BA61D17A1}.Release|x86.ActiveCfg = Release|Any CPU
		{4DE86407-877D-4C6B-B457-1236B20F8823}.Debug|Any CPU.ActiveCfg = Debug|Any CPU
		{4DE86407-877D-4C6B-B457-1236B20F8823}.Debug|Any CPU.Build.0 = Debug|Any CPU
		{4DE86407-877D-4C6B-B457-1236B20F8823}.Debug|ARM.ActiveCfg = Debug|Any CPU
		{4DE86407-877D-4C6B-B457-1236B20F8823}.Debug|Mixed Platforms.ActiveCfg = Debug|Any CPU
		{4DE86407-877D-4C6B-B457-1236B20F8823}.Debug|Mixed Platforms.Build.0 = Debug|Any CPU
		{4DE86407-877D-4C6B-B457-1236B20F8823}.Debug|x64.ActiveCfg = Debug|Any CPU
		{4DE86407-877D-4C6B-B457-1236B20F8823}.Debug|x86.ActiveCfg = Debug|Any CPU
		{4DE86407-877D-4C6B-B457-1236B20F8823}.Release|Any CPU.ActiveCfg = Release|Any CPU
		{4DE86407-877D-4C6B-B457-1236B20F8823}.Release|Any CPU.Build.0 = Release|Any CPU
		{4DE86407-877D-4C6B-B457-1236B20F8823}.Release|ARM.ActiveCfg = Release|Any CPU
		{4DE86407-877D-4C6B-B457-1236B20F8823}.Release|Mixed Platforms.ActiveCfg = Release|Any CPU
		{4DE86407-877D-4C6B-B457-1236B20F8823}.Release|Mixed Platforms.Build.0 = Release|Any CPU
		{4DE86407-877D-4C6B-B457-1236B20F8823}.Release|x64.ActiveCfg = Release|Any CPU
		{4DE86407-877D-4C6B-B457-1236B20F8823}.Release|x86.ActiveCfg = Release|Any CPU
	EndGlobalSection
	GlobalSection(SolutionProperties) = preSolution
		HideSolutionNode = FALSE
	EndGlobalSection
	GlobalSection(NestedProjects) = preSolution
		{98AFB63C-821F-491F-B8CF-394201693F2A} = {17B52026-93A9-48B1-B7F0-ACAA68C3C664}
		{4DE86407-877D-4C6B-B457-1236B20F8823} = {17B52026-93A9-48B1-B7F0-ACAA68C3C664}
	EndGlobalSection
EndGlobal
