
Microsoft Visual Studio Solution File, Format Version 12.00
# Visual Studio 2012
Project("{FAE04EC0-301F-11D3-BF4B-00C04F79EFBC}") = "IronPigeon", "IronPigeon\IronPigeon.csproj", "{BEFB82D5-C686-4D50-91C7-419846C8F201}"
EndProject
Project("{FAE04EC0-301F-11D3-BF4B-00C04F79EFBC}") = "IronPigeon.Desktop", "IronPigeon.Desktop\IronPigeon.Desktop.csproj", "{2ACABE1A-13DA-4248-B200-8B9D63486E45}"
EndProject
Project("{FAE04EC0-301F-11D3-BF4B-00C04F79EFBC}") = "IronPigeon.WinRT", "IronPigeon.WinRT\IronPigeon.WinRT.csproj", "{8BBA7BC0-DE22-4395-A408-9B33365A6280}"
EndProject
Project("{FAE04EC0-301F-11D3-BF4B-00C04F79EFBC}") = "IronPigeon.Desktop.Tests", "IronPigeon.Desktop.Tests\IronPigeon.Desktop.Tests.csproj", "{301BE089-B0A7-4C13-A8A2-3A02FF83999A}"
EndProject
Project("{FAE04EC0-301F-11D3-BF4B-00C04F79EFBC}") = "IronPigeon.WinRT.Tests", "IronPigeon.WinRT.Tests\IronPigeon.WinRT.Tests.csproj", "{32379451-9B62-4D2E-9F04-50CDB2465381}"
EndProject
Project("{FAE04EC0-301F-11D3-BF4B-00C04F79EFBC}") = "IronPigeon.Relay", "IronPigeon.Relay\IronPigeon.Relay.csproj", "{20A8E55E-40A3-45FB-88EA-5F9671E86B7B}"
EndProject
Project("{FAE04EC0-301F-11D3-BF4B-00C04F79EFBC}") = "IronPigeon.Relay.Tests", "IronPigeon.Relay.Tests\IronPigeon.Relay.Tests.csproj", "{D45FBFB7-36AD-4905-9B71-93E54926B08C}"
EndProject
Project("{2150E333-8FDC-42A3-9474-1A3956D46DE8}") = "Clients", "Clients", "{17B52026-93A9-48B1-B7F0-ACAA68C3C664}"
EndProject
Project("{FAE04EC0-301F-11D3-BF4B-00C04F79EFBC}") = "ConsoleChat", "ConsoleChat\ConsoleChat.csproj", "{98AFB63C-821F-491F-B8CF-394201693F2A}"
EndProject
Project("{FAE04EC0-301F-11D3-BF4B-00C04F79EFBC}") = "IronPigeon.Dart", "IronPigeon.Dart\IronPigeon.Dart.csproj", "{7413FF6F-DC39-4B86-AD14-EAC145F5C3B7}"
EndProject
Project("{2150E333-8FDC-42A3-9474-1A3956D46DE8}") = ".nuget", ".nuget", "{DADFDF20-1674-4D5E-BD20-3B639E7BB2A9}"
	ProjectSection(SolutionItems) = preProject
		.nuget\NuGet.Config = .nuget\NuGet.Config
		.nuget\NuGet.exe = .nuget\NuGet.exe
		.nuget\NuGet.targets = .nuget\NuGet.targets
	EndProjectSection
EndProject
Project("{2150E333-8FDC-42A3-9474-1A3956D46DE8}") = "Solution Items", "Solution Items", "{9EA1EF35-0DDC-40DD-88B6-DC95CC839919}"
	ProjectSection(SolutionItems) = preProject
		..\README.md = ..\README.md
		version.txt = version.txt
	EndProjectSection
EndProject
Project("{FAE04EC0-301F-11D3-BF4B-00C04F79EFBC}") = "IronPigeon.WinPhone8", "IronPigeon.WinPhone8\IronPigeon.WinPhone8.csproj", "{47C40966-7B25-44DF-B7DF-7EA972099E77}"
EndProject
Project("{FAE04EC0-301F-11D3-BF4B-00C04F79EFBC}") = "IronPigeon.WinPhone8.Tests", "IronPigeon.WinPhone8.Tests\IronPigeon.WinPhone8.Tests.csproj", "{B1DCB22A-801D-45AE-98AF-9B69911CDF46}"
EndProject
Global
	GlobalSection(SolutionConfigurationPlatforms) = preSolution
		Debug|Any CPU = Debug|Any CPU
		Debug|ARM = Debug|ARM
		Debug|Mixed Platforms = Debug|Mixed Platforms
		Debug|x64 = Debug|x64
		Debug|x86 = Debug|x86
		Release|Any CPU = Release|Any CPU
		Release|ARM = Release|ARM
		Release|Mixed Platforms = Release|Mixed Platforms
		Release|x64 = Release|x64
		Release|x86 = Release|x86
	EndGlobalSection
	GlobalSection(ProjectConfigurationPlatforms) = postSolution
		{BEFB82D5-C686-4D50-91C7-419846C8F201}.Debug|Any CPU.ActiveCfg = Debug|Any CPU
		{BEFB82D5-C686-4D50-91C7-419846C8F201}.Debug|Any CPU.Build.0 = Debug|Any CPU
		{BEFB82D5-C686-4D50-91C7-419846C8F201}.Debug|ARM.ActiveCfg = Debug|Any CPU
		{BEFB82D5-C686-4D50-91C7-419846C8F201}.Debug|Mixed Platforms.ActiveCfg = Debug|Any CPU
		{BEFB82D5-C686-4D50-91C7-419846C8F201}.Debug|Mixed Platforms.Build.0 = Debug|Any CPU
		{BEFB82D5-C686-4D50-91C7-419846C8F201}.Debug|x64.ActiveCfg = Debug|Any CPU
		{BEFB82D5-C686-4D50-91C7-419846C8F201}.Debug|x86.ActiveCfg = Debug|Any CPU
		{BEFB82D5-C686-4D50-91C7-419846C8F201}.Release|Any CPU.ActiveCfg = Release|Any CPU
		{BEFB82D5-C686-4D50-91C7-419846C8F201}.Release|Any CPU.Build.0 = Release|Any CPU
		{BEFB82D5-C686-4D50-91C7-419846C8F201}.Release|ARM.ActiveCfg = Release|Any CPU
		{BEFB82D5-C686-4D50-91C7-419846C8F201}.Release|Mixed Platforms.ActiveCfg = Release|Any CPU
		{BEFB82D5-C686-4D50-91C7-419846C8F201}.Release|Mixed Platforms.Build.0 = Release|Any CPU
		{BEFB82D5-C686-4D50-91C7-419846C8F201}.Release|x64.ActiveCfg = Release|Any CPU
		{BEFB82D5-C686-4D50-91C7-419846C8F201}.Release|x86.ActiveCfg = Release|Any CPU
		{2ACABE1A-13DA-4248-B200-8B9D63486E45}.Debug|Any CPU.ActiveCfg = Debug|Any CPU
		{2ACABE1A-13DA-4248-B200-8B9D63486E45}.Debug|Any CPU.Build.0 = Debug|Any CPU
		{2ACABE1A-13DA-4248-B200-8B9D63486E45}.Debug|ARM.ActiveCfg = Debug|Any CPU
		{2ACABE1A-13DA-4248-B200-8B9D63486E45}.Debug|Mixed Platforms.ActiveCfg = Debug|Any CPU
		{2ACABE1A-13DA-4248-B200-8B9D63486E45}.Debug|Mixed Platforms.Build.0 = Debug|Any CPU
		{2ACABE1A-13DA-4248-B200-8B9D63486E45}.Debug|x64.ActiveCfg = Debug|Any CPU
		{2ACABE1A-13DA-4248-B200-8B9D63486E45}.Debug|x86.ActiveCfg = Debug|Any CPU
		{2ACABE1A-13DA-4248-B200-8B9D63486E45}.Release|Any CPU.ActiveCfg = Release|Any CPU
		{2ACABE1A-13DA-4248-B200-8B9D63486E45}.Release|Any CPU.Build.0 = Release|Any CPU
		{2ACABE1A-13DA-4248-B200-8B9D63486E45}.Release|ARM.ActiveCfg = Release|Any CPU
		{2ACABE1A-13DA-4248-B200-8B9D63486E45}.Release|Mixed Platforms.ActiveCfg = Release|Any CPU
		{2ACABE1A-13DA-4248-B200-8B9D63486E45}.Release|Mixed Platforms.Build.0 = Release|Any CPU
		{2ACABE1A-13DA-4248-B200-8B9D63486E45}.Release|x64.ActiveCfg = Release|Any CPU
		{2ACABE1A-13DA-4248-B200-8B9D63486E45}.Release|x86.ActiveCfg = Release|Any CPU
		{8BBA7BC0-DE22-4395-A408-9B33365A6280}.Debug|Any CPU.ActiveCfg = Debug|Any CPU
		{8BBA7BC0-DE22-4395-A408-9B33365A6280}.Debug|Any CPU.Build.0 = Debug|Any CPU
		{8BBA7BC0-DE22-4395-A408-9B33365A6280}.Debug|ARM.ActiveCfg = Debug|ARM
		{8BBA7BC0-DE22-4395-A408-9B33365A6280}.Debug|ARM.Build.0 = Debug|ARM
		{8BBA7BC0-DE22-4395-A408-9B33365A6280}.Debug|Mixed Platforms.ActiveCfg = Debug|Any CPU
		{8BBA7BC0-DE22-4395-A408-9B33365A6280}.Debug|Mixed Platforms.Build.0 = Debug|Any CPU
		{8BBA7BC0-DE22-4395-A408-9B33365A6280}.Debug|x64.ActiveCfg = Debug|x64
		{8BBA7BC0-DE22-4395-A408-9B33365A6280}.Debug|x64.Build.0 = Debug|x64
		{8BBA7BC0-DE22-4395-A408-9B33365A6280}.Debug|x86.ActiveCfg = Debug|x86
		{8BBA7BC0-DE22-4395-A408-9B33365A6280}.Debug|x86.Build.0 = Debug|x86
		{8BBA7BC0-DE22-4395-A408-9B33365A6280}.Release|Any CPU.ActiveCfg = Release|Any CPU
		{8BBA7BC0-DE22-4395-A408-9B33365A6280}.Release|Any CPU.Build.0 = Release|Any CPU
		{8BBA7BC0-DE22-4395-A408-9B33365A6280}.Release|ARM.ActiveCfg = Release|ARM
		{8BBA7BC0-DE22-4395-A408-9B33365A6280}.Release|ARM.Build.0 = Release|ARM
		{8BBA7BC0-DE22-4395-A408-9B33365A6280}.Release|Mixed Platforms.ActiveCfg = Release|x86
		{8BBA7BC0-DE22-4395-A408-9B33365A6280}.Release|Mixed Platforms.Build.0 = Release|x86
		{8BBA7BC0-DE22-4395-A408-9B33365A6280}.Release|x64.ActiveCfg = Release|x64
		{8BBA7BC0-DE22-4395-A408-9B33365A6280}.Release|x64.Build.0 = Release|x64
		{8BBA7BC0-DE22-4395-A408-9B33365A6280}.Release|x86.ActiveCfg = Release|x86
		{8BBA7BC0-DE22-4395-A408-9B33365A6280}.Release|x86.Build.0 = Release|x86
		{301BE089-B0A7-4C13-A8A2-3A02FF83999A}.Debug|Any CPU.ActiveCfg = Debug|Any CPU
		{301BE089-B0A7-4C13-A8A2-3A02FF83999A}.Debug|Any CPU.Build.0 = Debug|Any CPU
		{301BE089-B0A7-4C13-A8A2-3A02FF83999A}.Debug|ARM.ActiveCfg = Debug|Any CPU
		{301BE089-B0A7-4C13-A8A2-3A02FF83999A}.Debug|Mixed Platforms.ActiveCfg = Debug|Any CPU
		{301BE089-B0A7-4C13-A8A2-3A02FF83999A}.Debug|Mixed Platforms.Build.0 = Debug|Any CPU
		{301BE089-B0A7-4C13-A8A2-3A02FF83999A}.Debug|x64.ActiveCfg = Debug|Any CPU
		{301BE089-B0A7-4C13-A8A2-3A02FF83999A}.Debug|x86.ActiveCfg = Debug|Any CPU
		{301BE089-B0A7-4C13-A8A2-3A02FF83999A}.Release|Any CPU.ActiveCfg = Release|Any CPU
		{301BE089-B0A7-4C13-A8A2-3A02FF83999A}.Release|Any CPU.Build.0 = Release|Any CPU
		{301BE089-B0A7-4C13-A8A2-3A02FF83999A}.Release|ARM.ActiveCfg = Release|Any CPU
		{301BE089-B0A7-4C13-A8A2-3A02FF83999A}.Release|Mixed Platforms.ActiveCfg = Release|Any CPU
		{301BE089-B0A7-4C13-A8A2-3A02FF83999A}.Release|Mixed Platforms.Build.0 = Release|Any CPU
		{301BE089-B0A7-4C13-A8A2-3A02FF83999A}.Release|x64.ActiveCfg = Release|Any CPU
		{301BE089-B0A7-4C13-A8A2-3A02FF83999A}.Release|x86.ActiveCfg = Release|Any CPU
		{32379451-9B62-4D2E-9F04-50CDB2465381}.Debug|Any CPU.ActiveCfg = Debug|Any CPU
		{32379451-9B62-4D2E-9F04-50CDB2465381}.Debug|Any CPU.Build.0 = Debug|Any CPU
		{32379451-9B62-4D2E-9F04-50CDB2465381}.Debug|Any CPU.Deploy.0 = Debug|Any CPU
		{32379451-9B62-4D2E-9F04-50CDB2465381}.Debug|ARM.ActiveCfg = Debug|ARM
		{32379451-9B62-4D2E-9F04-50CDB2465381}.Debug|ARM.Build.0 = Debug|ARM
		{32379451-9B62-4D2E-9F04-50CDB2465381}.Debug|ARM.Deploy.0 = Debug|ARM
		{32379451-9B62-4D2E-9F04-50CDB2465381}.Debug|Mixed Platforms.ActiveCfg = Debug|x86
		{32379451-9B62-4D2E-9F04-50CDB2465381}.Debug|Mixed Platforms.Build.0 = Debug|x86
		{32379451-9B62-4D2E-9F04-50CDB2465381}.Debug|Mixed Platforms.Deploy.0 = Debug|x86
		{32379451-9B62-4D2E-9F04-50CDB2465381}.Debug|x64.ActiveCfg = Debug|x64
		{32379451-9B62-4D2E-9F04-50CDB2465381}.Debug|x64.Build.0 = Debug|x64
		{32379451-9B62-4D2E-9F04-50CDB2465381}.Debug|x64.Deploy.0 = Debug|x64
		{32379451-9B62-4D2E-9F04-50CDB2465381}.Debug|x86.ActiveCfg = Debug|x86
		{32379451-9B62-4D2E-9F04-50CDB2465381}.Debug|x86.Build.0 = Debug|x86
		{32379451-9B62-4D2E-9F04-50CDB2465381}.Debug|x86.Deploy.0 = Debug|x86
		{32379451-9B62-4D2E-9F04-50CDB2465381}.Release|Any CPU.ActiveCfg = Release|Any CPU
		{32379451-9B62-4D2E-9F04-50CDB2465381}.Release|Any CPU.Build.0 = Release|Any CPU
		{32379451-9B62-4D2E-9F04-50CDB2465381}.Release|Any CPU.Deploy.0 = Release|Any CPU
		{32379451-9B62-4D2E-9F04-50CDB2465381}.Release|ARM.ActiveCfg = Release|ARM
		{32379451-9B62-4D2E-9F04-50CDB2465381}.Release|ARM.Build.0 = Release|ARM
		{32379451-9B62-4D2E-9F04-50CDB2465381}.Release|ARM.Deploy.0 = Release|ARM
		{32379451-9B62-4D2E-9F04-50CDB2465381}.Release|Mixed Platforms.ActiveCfg = Release|x86
		{32379451-9B62-4D2E-9F04-50CDB2465381}.Release|Mixed Platforms.Build.0 = Release|x86
		{32379451-9B62-4D2E-9F04-50CDB2465381}.Release|Mixed Platforms.Deploy.0 = Release|x86
		{32379451-9B62-4D2E-9F04-50CDB2465381}.Release|x64.ActiveCfg = Release|x64
		{32379451-9B62-4D2E-9F04-50CDB2465381}.Release|x64.Build.0 = Release|x64
		{32379451-9B62-4D2E-9F04-50CDB2465381}.Release|x64.Deploy.0 = Release|x64
		{32379451-9B62-4D2E-9F04-50CDB2465381}.Release|x86.ActiveCfg = Release|x86
		{32379451-9B62-4D2E-9F04-50CDB2465381}.Release|x86.Build.0 = Release|x86
		{32379451-9B62-4D2E-9F04-50CDB2465381}.Release|x86.Deploy.0 = Release|x86
		{20A8E55E-40A3-45FB-88EA-5F9671E86B7B}.Debug|Any CPU.ActiveCfg = Debug|Any CPU
		{20A8E55E-40A3-45FB-88EA-5F9671E86B7B}.Debug|Any CPU.Build.0 = Debug|Any CPU
		{20A8E55E-40A3-45FB-88EA-5F9671E86B7B}.Debug|ARM.ActiveCfg = Debug|Any CPU
		{20A8E55E-40A3-45FB-88EA-5F9671E86B7B}.Debug|Mixed Platforms.ActiveCfg = Debug|Any CPU
		{20A8E55E-40A3-45FB-88EA-5F9671E86B7B}.Debug|Mixed Platforms.Build.0 = Debug|Any CPU
		{20A8E55E-40A3-45FB-88EA-5F9671E86B7B}.Debug|x64.ActiveCfg = Debug|Any CPU
		{20A8E55E-40A3-45FB-88EA-5F9671E86B7B}.Debug|x86.ActiveCfg = Debug|Any CPU
		{20A8E55E-40A3-45FB-88EA-5F9671E86B7B}.Release|Any CPU.ActiveCfg = Release|Any CPU
		{20A8E55E-40A3-45FB-88EA-5F9671E86B7B}.Release|Any CPU.Build.0 = Release|Any CPU
		{20A8E55E-40A3-45FB-88EA-5F9671E86B7B}.Release|ARM.ActiveCfg = Release|Any CPU
		{20A8E55E-40A3-45FB-88EA-5F9671E86B7B}.Release|Mixed Platforms.ActiveCfg = Release|Any CPU
		{20A8E55E-40A3-45FB-88EA-5F9671E86B7B}.Release|Mixed Platforms.Build.0 = Release|Any CPU
		{20A8E55E-40A3-45FB-88EA-5F9671E86B7B}.Release|x64.ActiveCfg = Release|Any CPU
		{20A8E55E-40A3-45FB-88EA-5F9671E86B7B}.Release|x86.ActiveCfg = Release|Any CPU
		{D45FBFB7-36AD-4905-9B71-93E54926B08C}.Debug|Any CPU.ActiveCfg = Debug|Any CPU
		{D45FBFB7-36AD-4905-9B71-93E54926B08C}.Debug|Any CPU.Build.0 = Debug|Any CPU
		{D45FBFB7-36AD-4905-9B71-93E54926B08C}.Debug|ARM.ActiveCfg = Debug|Any CPU
		{D45FBFB7-36AD-4905-9B71-93E54926B08C}.Debug|Mixed Platforms.ActiveCfg = Debug|Any CPU
		{D45FBFB7-36AD-4905-9B71-93E54926B08C}.Debug|Mixed Platforms.Build.0 = Debug|Any CPU
		{D45FBFB7-36AD-4905-9B71-93E54926B08C}.Debug|x64.ActiveCfg = Debug|Any CPU
		{D45FBFB7-36AD-4905-9B71-93E54926B08C}.Debug|x86.ActiveCfg = Debug|Any CPU
		{D45FBFB7-36AD-4905-9B71-93E54926B08C}.Release|Any CPU.ActiveCfg = Release|Any CPU
		{D45FBFB7-36AD-4905-9B71-93E54926B08C}.Release|Any CPU.Build.0 = Release|Any CPU
		{D45FBFB7-36AD-4905-9B71-93E54926B08C}.Release|ARM.ActiveCfg = Release|Any CPU
		{D45FBFB7-36AD-4905-9B71-93E54926B08C}.Release|Mixed Platforms.ActiveCfg = Release|Any CPU
		{D45FBFB7-36AD-4905-9B71-93E54926B08C}.Release|Mixed Platforms.Build.0 = Release|Any CPU
		{D45FBFB7-36AD-4905-9B71-93E54926B08C}.Release|x64.ActiveCfg = Release|Any CPU
		{D45FBFB7-36AD-4905-9B71-93E54926B08C}.Release|x86.ActiveCfg = Release|Any CPU
		{98AFB63C-821F-491F-B8CF-394201693F2A}.Debug|Any CPU.ActiveCfg = Debug|Any CPU
		{98AFB63C-821F-491F-B8CF-394201693F2A}.Debug|Any CPU.Build.0 = Debug|Any CPU
		{98AFB63C-821F-491F-B8CF-394201693F2A}.Debug|ARM.ActiveCfg = Debug|Any CPU
		{98AFB63C-821F-491F-B8CF-394201693F2A}.Debug|Mixed Platforms.ActiveCfg = Debug|Any CPU
		{98AFB63C-821F-491F-B8CF-394201693F2A}.Debug|Mixed Platforms.Build.0 = Debug|Any CPU
		{98AFB63C-821F-491F-B8CF-394201693F2A}.Debug|x64.ActiveCfg = Debug|Any CPU
		{98AFB63C-821F-491F-B8CF-394201693F2A}.Debug|x86.ActiveCfg = Debug|Any CPU
		{98AFB63C-821F-491F-B8CF-394201693F2A}.Release|Any CPU.ActiveCfg = Release|Any CPU
		{98AFB63C-821F-491F-B8CF-394201693F2A}.Release|Any CPU.Build.0 = Release|Any CPU
		{98AFB63C-821F-491F-B8CF-394201693F2A}.Release|ARM.ActiveCfg = Release|Any CPU
		{98AFB63C-821F-491F-B8CF-394201693F2A}.Release|Mixed Platforms.ActiveCfg = Release|Any CPU
		{98AFB63C-821F-491F-B8CF-394201693F2A}.Release|Mixed Platforms.Build.0 = Release|Any CPU
		{98AFB63C-821F-491F-B8CF-394201693F2A}.Release|x64.ActiveCfg = Release|Any CPU
		{98AFB63C-821F-491F-B8CF-394201693F2A}.Release|x86.ActiveCfg = Release|Any CPU
		{7413FF6F-DC39-4B86-AD14-EAC145F5C3B7}.Debug|Any CPU.ActiveCfg = Debug|Any CPU
		{7413FF6F-DC39-4B86-AD14-EAC145F5C3B7}.Debug|Any CPU.Build.0 = Debug|Any CPU
		{7413FF6F-DC39-4B86-AD14-EAC145F5C3B7}.Debug|ARM.ActiveCfg = Debug|Any CPU
		{7413FF6F-DC39-4B86-AD14-EAC145F5C3B7}.Debug|Mixed Platforms.ActiveCfg = Debug|Any CPU
		{7413FF6F-DC39-4B86-AD14-EAC145F5C3B7}.Debug|Mixed Platforms.Build.0 = Debug|Any CPU
		{7413FF6F-DC39-4B86-AD14-EAC145F5C3B7}.Debug|x64.ActiveCfg = Debug|Any CPU
		{7413FF6F-DC39-4B86-AD14-EAC145F5C3B7}.Debug|x86.ActiveCfg = Debug|Any CPU
		{7413FF6F-DC39-4B86-AD14-EAC145F5C3B7}.Release|Any CPU.ActiveCfg = Release|Any CPU
		{7413FF6F-DC39-4B86-AD14-EAC145F5C3B7}.Release|Any CPU.Build.0 = Release|Any CPU
		{7413FF6F-DC39-4B86-AD14-EAC145F5C3B7}.Release|ARM.ActiveCfg = Release|Any CPU
		{7413FF6F-DC39-4B86-AD14-EAC145F5C3B7}.Release|Mixed Platforms.ActiveCfg = Release|Any CPU
		{7413FF6F-DC39-4B86-AD14-EAC145F5C3B7}.Release|Mixed Platforms.Build.0 = Release|Any CPU
		{7413FF6F-DC39-4B86-AD14-EAC145F5C3B7}.Release|x64.ActiveCfg = Release|Any CPU
		{7413FF6F-DC39-4B86-AD14-EAC145F5C3B7}.Release|x86.ActiveCfg = Release|Any CPU
		{47C40966-7B25-44DF-B7DF-7EA972099E77}.Debug|Any CPU.ActiveCfg = Debug|Any CPU
		{47C40966-7B25-44DF-B7DF-7EA972099E77}.Debug|Any CPU.Build.0 = Debug|Any CPU
		{47C40966-7B25-44DF-B7DF-7EA972099E77}.Debug|ARM.ActiveCfg = Debug|ARM
		{47C40966-7B25-44DF-B7DF-7EA972099E77}.Debug|ARM.Build.0 = Debug|ARM
		{47C40966-7B25-44DF-B7DF-7EA972099E77}.Debug|Mixed Platforms.ActiveCfg = Debug|Any CPU
		{47C40966-7B25-44DF-B7DF-7EA972099E77}.Debug|Mixed Platforms.Build.0 = Debug|Any CPU
		{47C40966-7B25-44DF-B7DF-7EA972099E77}.Debug|x64.ActiveCfg = Debug|Any CPU
		{47C40966-7B25-44DF-B7DF-7EA972099E77}.Debug|x86.ActiveCfg = Debug|x86
		{47C40966-7B25-44DF-B7DF-7EA972099E77}.Debug|x86.Build.0 = Debug|x86
		{47C40966-7B25-44DF-B7DF-7EA972099E77}.Release|Any CPU.ActiveCfg = Release|Any CPU
		{47C40966-7B25-44DF-B7DF-7EA972099E77}.Release|Any CPU.Build.0 = Release|Any CPU
		{47C40966-7B25-44DF-B7DF-7EA972099E77}.Release|ARM.ActiveCfg = Release|ARM
		{47C40966-7B25-44DF-B7DF-7EA972099E77}.Release|ARM.Build.0 = Release|ARM
		{47C40966-7B25-44DF-B7DF-7EA972099E77}.Release|Mixed Platforms.ActiveCfg = Release|x86
		{47C40966-7B25-44DF-B7DF-7EA972099E77}.Release|Mixed Platforms.Build.0 = Release|x86
		{47C40966-7B25-44DF-B7DF-7EA972099E77}.Release|x64.ActiveCfg = Release|Any CPU
		{47C40966-7B25-44DF-B7DF-7EA972099E77}.Release|x86.ActiveCfg = Release|x86
		{47C40966-7B25-44DF-B7DF-7EA972099E77}.Release|x86.Build.0 = Release|x86
		{B1DCB22A-801D-45AE-98AF-9B69911CDF46}.Debug|Any CPU.ActiveCfg = Debug|x86
		{B1DCB22A-801D-45AE-98AF-9B69911CDF46}.Debug|ARM.ActiveCfg = Debug|ARM
		{B1DCB22A-801D-45AE-98AF-9B69911CDF46}.Debug|ARM.Build.0 = Debug|ARM
		{B1DCB22A-801D-45AE-98AF-9B69911CDF46}.Debug|ARM.Deploy.0 = Debug|ARM
		{B1DCB22A-801D-45AE-98AF-9B69911CDF46}.Debug|Mixed Platforms.ActiveCfg = Debug|x86
		{B1DCB22A-801D-45AE-98AF-9B69911CDF46}.Debug|Mixed Platforms.Build.0 = Debug|x86
		{B1DCB22A-801D-45AE-98AF-9B69911CDF46}.Debug|Mixed Platforms.Deploy.0 = Debug|x86
		{B1DCB22A-801D-45AE-98AF-9B69911CDF46}.Debug|x64.ActiveCfg = Debug|x86
		{B1DCB22A-801D-45AE-98AF-9B69911CDF46}.Debug|x86.ActiveCfg = Debug|x86
		{B1DCB22A-801D-45AE-98AF-9B69911CDF46}.Debug|x86.Build.0 = Debug|x86
		{B1DCB22A-801D-45AE-98AF-9B69911CDF46}.Debug|x86.Deploy.0 = Debug|x86
		{B1DCB22A-801D-45AE-98AF-9B69911CDF46}.Release|Any CPU.ActiveCfg = Release|x86
		{B1DCB22A-801D-45AE-98AF-9B69911CDF46}.Release|ARM.ActiveCfg = Release|ARM
		{B1DCB22A-801D-45AE-98AF-9B69911CDF46}.Release|ARM.Build.0 = Release|ARM
		{B1DCB22A-801D-45AE-98AF-9B69911CDF46}.Release|ARM.Deploy.0 = Release|ARM
		{B1DCB22A-801D-45AE-98AF-9B69911CDF46}.Release|Mixed Platforms.ActiveCfg = Release|x86
		{B1DCB22A-801D-45AE-98AF-9B69911CDF46}.Release|Mixed Platforms.Build.0 = Release|x86
		{B1DCB22A-801D-45AE-98AF-9B69911CDF46}.Release|Mixed Platforms.Deploy.0 = Release|x86
		{B1DCB22A-801D-45AE-98AF-9B69911CDF46}.Release|x64.ActiveCfg = Release|x86
		{B1DCB22A-801D-45AE-98AF-9B69911CDF46}.Release|x86.ActiveCfg = Release|x86
		{B1DCB22A-801D-45AE-98AF-9B69911CDF46}.Release|x86.Build.0 = Release|x86
		{B1DCB22A-801D-45AE-98AF-9B69911CDF46}.Release|x86.Deploy.0 = Release|x86
	EndGlobalSection
	GlobalSection(SolutionProperties) = preSolution
		HideSolutionNode = FALSE
	EndGlobalSection
	GlobalSection(NestedProjects) = preSolution
		{98AFB63C-821F-491F-B8CF-394201693F2A} = {17B52026-93A9-48B1-B7F0-ACAA68C3C664}
	EndGlobalSection
EndGlobal
